// !$*UTF8*$!
{
	archiveVersion = 1;
	classes = {
	};
	objectVersion = 46;
	objects = {

/* Begin PBXBuildFile section */
		AA23D8311B7FDE0B006B2007 /* AppDelegate.swift in Sources */ = {isa = PBXBuildFile; fileRef = AA23D8301B7FDE0B006B2007 /* AppDelegate.swift */; };
		AA23D8331B7FDE0B006B2007 /* ViewController.swift in Sources */ = {isa = PBXBuildFile; fileRef = AA23D8321B7FDE0B006B2007 /* ViewController.swift */; };
		AA23D8351B7FDE0B006B2007 /* Images.xcassets in Resources */ = {isa = PBXBuildFile; fileRef = AA23D8341B7FDE0B006B2007 /* Images.xcassets */; };
		AA23D8381B7FDE0B006B2007 /* Main.storyboard in Resources */ = {isa = PBXBuildFile; fileRef = AA23D8361B7FDE0B006B2007 /* Main.storyboard */; };
		AA23D8441B7FDE0B006B2007 /* HTTPTimerTests.swift in Sources */ = {isa = PBXBuildFile; fileRef = AA23D8431B7FDE0B006B2007 /* HTTPTimerTests.swift */; };
		AA23D84E1B8093F8006B2007 /* HTTPTimer.plist in Resources */ = {isa = PBXBuildFile; fileRef = AA23D84D1B8093F8006B2007 /* HTTPTimer.plist */; };
		AA5E766D1B80C97C00F7854E /* PreferencesViewController.swift in Sources */ = {isa = PBXBuildFile; fileRef = AA5E766C1B80C97C00F7854E /* PreferencesViewController.swift */; };
/* End PBXBuildFile section */

/* Begin PBXContainerItemProxy section */
		AA23D83E1B7FDE0B006B2007 /* PBXContainerItemProxy */ = {
			isa = PBXContainerItemProxy;
			containerPortal = AA23D8231B7FDE0B006B2007 /* Project object */;
			proxyType = 1;
			remoteGlobalIDString = AA23D82A1B7FDE0B006B2007;
			remoteInfo = HTTPTimer;
		};
/* End PBXContainerItemProxy section */

/* Begin PBXFileReference section */
		AA23D82B1B7FDE0B006B2007 /* HTTPTimer.app */ = {isa = PBXFileReference; explicitFileType = wrapper.application; includeInIndex = 0; path = HTTPTimer.app; sourceTree = BUILT_PRODUCTS_DIR; };
		AA23D82F1B7FDE0B006B2007 /* Info.plist */ = {isa = PBXFileReference; lastKnownFileType = text.plist.xml; path = Info.plist; sourceTree = "<group>"; };
		AA23D8301B7FDE0B006B2007 /* AppDelegate.swift */ = {isa = PBXFileReference; lastKnownFileType = sourcecode.swift; path = AppDelegate.swift; sourceTree = "<group>"; };
		AA23D8321B7FDE0B006B2007 /* ViewController.swift */ = {isa = PBXFileReference; lastKnownFileType = sourcecode.swift; path = ViewController.swift; sourceTree = "<group>"; };
		AA23D8341B7FDE0B006B2007 /* Images.xcassets */ = {isa = PBXFileReference; lastKnownFileType = folder.assetcatalog; path = Images.xcassets; sourceTree = "<group>"; };
		AA23D8371B7FDE0B006B2007 /* Base */ = {isa = PBXFileReference; lastKnownFileType = file.storyboard; name = Base; path = Base.lproj/Main.storyboard; sourceTree = "<group>"; };
		AA23D83D1B7FDE0B006B2007 /* HTTPTimerTests.xctest */ = {isa = PBXFileReference; explicitFileType = wrapper.cfbundle; includeInIndex = 0; path = HTTPTimerTests.xctest; sourceTree = BUILT_PRODUCTS_DIR; };
		AA23D8421B7FDE0B006B2007 /* Info.plist */ = {isa = PBXFileReference; lastKnownFileType = text.plist.xml; path = Info.plist; sourceTree = "<group>"; };
		AA23D8431B7FDE0B006B2007 /* HTTPTimerTests.swift */ = {isa = PBXFileReference; lastKnownFileType = sourcecode.swift; path = HTTPTimerTests.swift; sourceTree = "<group>"; };
		AA23D84D1B8093F8006B2007 /* HTTPTimer.plist */ = {isa = PBXFileReference; fileEncoding = 4; lastKnownFileType = text.plist.xml; path = HTTPTimer.plist; sourceTree = "<group>"; };
		AA5E766C1B80C97C00F7854E /* PreferencesViewController.swift */ = {isa = PBXFileReference; fileEncoding = 4; lastKnownFileType = sourcecode.swift; path = PreferencesViewController.swift; sourceTree = "<group>"; };
/* End PBXFileReference section */

/* Begin PBXFrameworksBuildPhase section */
		AA23D8281B7FDE0B006B2007 /* Frameworks */ = {
			isa = PBXFrameworksBuildPhase;
			buildActionMask = 2147483647;
			files = (
			);
			runOnlyForDeploymentPostprocessing = 0;
		};
		AA23D83A1B7FDE0B006B2007 /* Frameworks */ = {
			isa = PBXFrameworksBuildPhase;
			buildActionMask = 2147483647;
			files = (
			);
			runOnlyForDeploymentPostprocessing = 0;
		};
/* End PBXFrameworksBuildPhase section */

/* Begin PBXGroup section */
		AA23D8221B7FDE0B006B2007 = {
			isa = PBXGroup;
			children = (
				AA23D82D1B7FDE0B006B2007 /* HTTPTimer */,
				AA23D8401B7FDE0B006B2007 /* HTTPTimerTests */,
				AA23D82C1B7FDE0B006B2007 /* Products */,
			);
			sourceTree = "<group>";
		};
		AA23D82C1B7FDE0B006B2007 /* Products */ = {
			isa = PBXGroup;
			children = (
				AA23D82B1B7FDE0B006B2007 /* HTTPTimer.app */,
				AA23D83D1B7FDE0B006B2007 /* HTTPTimerTests.xctest */,
			);
			name = Products;
			sourceTree = "<group>";
		};
		AA23D82D1B7FDE0B006B2007 /* HTTPTimer */ = {
			isa = PBXGroup;
			children = (
				AA23D8301B7FDE0B006B2007 /* AppDelegate.swift */,
				AA23D8321B7FDE0B006B2007 /* ViewController.swift */,
				AA23D8341B7FDE0B006B2007 /* Images.xcassets */,
				AA5E766C1B80C97C00F7854E /* PreferencesViewController.swift */,
				AA23D8361B7FDE0B006B2007 /* Main.storyboard */,
				AA23D82E1B7FDE0B006B2007 /* Supporting Files */,
				AA23D84D1B8093F8006B2007 /* HTTPTimer.plist */,
			);
			path = HTTPTimer;
			sourceTree = "<group>";
		};
		AA23D82E1B7FDE0B006B2007 /* Supporting Files */ = {
			isa = PBXGroup;
			children = (
				AA23D82F1B7FDE0B006B2007 /* Info.plist */,
			);
			name = "Supporting Files";
			sourceTree = "<group>";
		};
		AA23D8401B7FDE0B006B2007 /* HTTPTimerTests */ = {
			isa = PBXGroup;
			children = (
				AA23D8431B7FDE0B006B2007 /* HTTPTimerTests.swift */,
				AA23D8411B7FDE0B006B2007 /* Supporting Files */,
			);
			path = HTTPTimerTests;
			sourceTree = "<group>";
		};
		AA23D8411B7FDE0B006B2007 /* Supporting Files */ = {
			isa = PBXGroup;
			children = (
				AA23D8421B7FDE0B006B2007 /* Info.plist */,
			);
			name = "Supporting Files";
			sourceTree = "<group>";
		};
/* End PBXGroup section */

/* Begin PBXNativeTarget section */
		AA23D82A1B7FDE0B006B2007 /* HTTPTimer */ = {
			isa = PBXNativeTarget;
			buildConfigurationList = AA23D8471B7FDE0C006B2007 /* Build configuration list for PBXNativeTarget "HTTPTimer" */;
			buildPhases = (
				AA23D8271B7FDE0B006B2007 /* Sources */,
				AA23D8281B7FDE0B006B2007 /* Frameworks */,
				AA23D8291B7FDE0B006B2007 /* Resources */,
			);
			buildRules = (
			);
			dependencies = (
			);
			name = HTTPTimer;
			productName = HTTPTimer;
			productReference = AA23D82B1B7FDE0B006B2007 /* HTTPTimer.app */;
			productType = "com.apple.product-type.application";
		};
		AA23D83C1B7FDE0B006B2007 /* HTTPTimerTests */ = {
			isa = PBXNativeTarget;
			buildConfigurationList = AA23D84A1B7FDE0C006B2007 /* Build configuration list for PBXNativeTarget "HTTPTimerTests" */;
			buildPhases = (
				AA23D8391B7FDE0B006B2007 /* Sources */,
				AA23D83A1B7FDE0B006B2007 /* Frameworks */,
				AA23D83B1B7FDE0B006B2007 /* Resources */,
			);
			buildRules = (
			);
			dependencies = (
				AA23D83F1B7FDE0B006B2007 /* PBXTargetDependency */,
			);
			name = HTTPTimerTests;
			productName = HTTPTimerTests;
			productReference = AA23D83D1B7FDE0B006B2007 /* HTTPTimerTests.xctest */;
			productType = "com.apple.product-type.bundle.unit-test";
		};
/* End PBXNativeTarget section */

/* Begin PBXProject section */
		AA23D8231B7FDE0B006B2007 /* Project object */ = {
			isa = PBXProject;
			attributes = {
				LastSwiftMigration = 0700;
				LastSwiftUpdateCheck = 0700;
				LastUpgradeCheck = 1010;
				ORGANIZATIONNAME = NonameCompany;
				TargetAttributes = {
					AA23D82A1B7FDE0B006B2007 = {
						CreatedOnToolsVersion = 6.4;
						LastSwiftMigration = 0900;
					};
					AA23D83C1B7FDE0B006B2007 = {
						CreatedOnToolsVersion = 6.4;
						LastSwiftMigration = 0900;
						TestTargetID = AA23D82A1B7FDE0B006B2007;
					};
				};
			};
			buildConfigurationList = AA23D8261B7FDE0B006B2007 /* Build configuration list for PBXProject "HTTPTimer" */;
			compatibilityVersion = "Xcode 3.2";
			developmentRegion = English;
			hasScannedForEncodings = 0;
			knownRegions = (
				en,
				Base,
			);
			mainGroup = AA23D8221B7FDE0B006B2007;
			productRefGroup = AA23D82C1B7FDE0B006B2007 /* Products */;
			projectDirPath = "";
			projectRoot = "";
			targets = (
				AA23D82A1B7FDE0B006B2007 /* HTTPTimer */,
				AA23D83C1B7FDE0B006B2007 /* HTTPTimerTests */,
			);
		};
/* End PBXProject section */

/* Begin PBXResourcesBuildPhase section */
		AA23D8291B7FDE0B006B2007 /* Resources */ = {
			isa = PBXResourcesBuildPhase;
			buildActionMask = 2147483647;
			files = (
				AA23D84E1B8093F8006B2007 /* HTTPTimer.plist in Resources */,
				AA23D8351B7FDE0B006B2007 /* Images.xcassets in Resources */,
				AA23D8381B7FDE0B006B2007 /* Main.storyboard in Resources */,
			);
			runOnlyForDeploymentPostprocessing = 0;
		};
		AA23D83B1B7FDE0B006B2007 /* Resources */ = {
			isa = PBXResourcesBuildPhase;
			buildActionMask = 2147483647;
			files = (
			);
			runOnlyForDeploymentPostprocessing = 0;
		};
/* End PBXResourcesBuildPhase section */

/* Begin PBXSourcesBuildPhase section */
		AA23D8271B7FDE0B006B2007 /* Sources */ = {
			isa = PBXSourcesBuildPhase;
			buildActionMask = 2147483647;
			files = (
				AA5E766D1B80C97C00F7854E /* PreferencesViewController.swift in Sources */,
				AA23D8331B7FDE0B006B2007 /* ViewController.swift in Sources */,
				AA23D8311B7FDE0B006B2007 /* AppDelegate.swift in Sources */,
			);
			runOnlyForDeploymentPostprocessing = 0;
		};
		AA23D8391B7FDE0B006B2007 /* Sources */ = {
			isa = PBXSourcesBuildPhase;
			buildActionMask = 2147483647;
			files = (
				AA23D8441B7FDE0B006B2007 /* HTTPTimerTests.swift in Sources */,
			);
			runOnlyForDeploymentPostprocessing = 0;
		};
/* End PBXSourcesBuildPhase section */

/* Begin PBXTargetDependency section */
		AA23D83F1B7FDE0B006B2007 /* PBXTargetDependency */ = {
			isa = PBXTargetDependency;
			target = AA23D82A1B7FDE0B006B2007 /* HTTPTimer */;
			targetProxy = AA23D83E1B7FDE0B006B2007 /* PBXContainerItemProxy */;
		};
/* End PBXTargetDependency section */

/* Begin PBXVariantGroup section */
		AA23D8361B7FDE0B006B2007 /* Main.storyboard */ = {
			isa = PBXVariantGroup;
			children = (
				AA23D8371B7FDE0B006B2007 /* Base */,
			);
			name = Main.storyboard;
			sourceTree = "<group>";
		};
/* End PBXVariantGroup section */

/* Begin XCBuildConfiguration section */
		AA23D8451B7FDE0C006B2007 /* Debug */ = {
			isa = XCBuildConfiguration;
			buildSettings = {
				ALWAYS_SEARCH_USER_PATHS = NO;
				CLANG_CXX_LANGUAGE_STANDARD = "gnu++0x";
				CLANG_CXX_LIBRARY = "libc++";
				CLANG_ENABLE_MODULES = YES;
				CLANG_ENABLE_OBJC_ARC = YES;
				CLANG_WARN_BLOCK_CAPTURE_AUTORELEASING = YES;
				CLANG_WARN_BOOL_CONVERSION = YES;
				CLANG_WARN_COMMA = YES;
				CLANG_WARN_CONSTANT_CONVERSION = YES;
				CLANG_WARN_DEPRECATED_OBJC_IMPLEMENTATIONS = YES;
				CLANG_WARN_DIRECT_OBJC_ISA_USAGE = YES_ERROR;
				CLANG_WARN_EMPTY_BODY = YES;
				CLANG_WARN_ENUM_CONVERSION = YES;
				CLANG_WARN_INFINITE_RECURSION = YES;
				CLANG_WARN_INT_CONVERSION = YES;
				CLANG_WARN_NON_LITERAL_NULL_CONVERSION = YES;
				CLANG_WARN_OBJC_IMPLICIT_RETAIN_SELF = YES;
				CLANG_WARN_OBJC_LITERAL_CONVERSION = YES;
				CLANG_WARN_OBJC_ROOT_CLASS = YES_ERROR;
				CLANG_WARN_RANGE_LOOP_ANALYSIS = YES;
				CLANG_WARN_STRICT_PROTOTYPES = YES;
				CLANG_WARN_SUSPICIOUS_MOVE = YES;
				CLANG_WARN_UNREACHABLE_CODE = YES;
				CLANG_WARN__DUPLICATE_METHOD_MATCH = YES;
				CODE_SIGN_IDENTITY = "-";
				COPY_PHASE_STRIP = NO;
				DEBUG_INFORMATION_FORMAT = dwarf;
				ENABLE_STRICT_OBJC_MSGSEND = YES;
				ENABLE_TESTABILITY = YES;
				GCC_C_LANGUAGE_STANDARD = gnu99;
				GCC_DYNAMIC_NO_PIC = NO;
				GCC_NO_COMMON_BLOCKS = YES;
				GCC_OPTIMIZATION_LEVEL = 0;
				GCC_PREPROCESSOR_DEFINITIONS = (
					"DEBUG=1",
					"$(inherited)",
				);
				GCC_SYMBOLS_PRIVATE_EXTERN = NO;
				GCC_WARN_64_TO_32_BIT_CONVERSION = YES;
				GCC_WARN_ABOUT_RETURN_TYPE = YES_ERROR;
				GCC_WARN_UNDECLARED_SELECTOR = YES;
				GCC_WARN_UNINITIALIZED_AUTOS = YES_AGGRESSIVE;
				GCC_WARN_UNUSED_FUNCTION = YES;
				GCC_WARN_UNUSED_VARIABLE = YES;
				MACOSX_DEPLOYMENT_TARGET = 10.13;
				MTL_ENABLE_DEBUG_INFO = YES;
				ONLY_ACTIVE_ARCH = YES;
				SDKROOT = macosx;
				SWIFT_OPTIMIZATION_LEVEL = "-Onone";
				SWIFT_SWIFT3_OBJC_INFERENCE = Default;
			};
			name = Debug;
		};
		AA23D8461B7FDE0C006B2007 /* Release */ = {
			isa = XCBuildConfiguration;
			buildSettings = {
				ALWAYS_SEARCH_USER_PATHS = NO;
				CLANG_CXX_LANGUAGE_STANDARD = "gnu++0x";
				CLANG_CXX_LIBRARY = "libc++";
				CLANG_ENABLE_MODULES = YES;
				CLANG_ENABLE_OBJC_ARC = YES;
				CLANG_WARN_BLOCK_CAPTURE_AUTORELEASING = YES;
				CLANG_WARN_BOOL_CONVERSION = YES;
				CLANG_WARN_COMMA = YES;
				CLANG_WARN_CONSTANT_CONVERSION = YES;
				CLANG_WARN_DEPRECATED_OBJC_IMPLEMENTATIONS = YES;
				CLANG_WARN_DIRECT_OBJC_ISA_USAGE = YES_ERROR;
				CLANG_WARN_EMPTY_BODY = YES;
				CLANG_WARN_ENUM_CONVERSION = YES;
				CLANG_WARN_INFINITE_RECURSION = YES;
				CLANG_WARN_INT_CONVERSION = YES;
				CLANG_WARN_NON_LITERAL_NULL_CONVERSION = YES;
				CLANG_WARN_OBJC_IMPLICIT_RETAIN_SELF = YES;
				CLANG_WARN_OBJC_LITERAL_CONVERSION = YES;
				CLANG_WARN_OBJC_ROOT_CLASS = YES_ERROR;
				CLANG_WARN_RANGE_LOOP_ANALYSIS = YES;
				CLANG_WARN_STRICT_PROTOTYPES = YES;
				CLANG_WARN_SUSPICIOUS_MOVE = YES;
				CLANG_WARN_UNREACHABLE_CODE = YES;
				CLANG_WARN__DUPLICATE_METHOD_MATCH = YES;
				CODE_SIGN_IDENTITY = "-";
				COPY_PHASE_STRIP = NO;
				DEBUG_INFORMATION_FORMAT = "dwarf-with-dsym";
				ENABLE_NS_ASSERTIONS = NO;
				ENABLE_STRICT_OBJC_MSGSEND = YES;
				GCC_C_LANGUAGE_STANDARD = gnu99;
				GCC_NO_COMMON_BLOCKS = YES;
				GCC_WARN_64_TO_32_BIT_CONVERSION = YES;
				GCC_WARN_ABOUT_RETURN_TYPE = YES_ERROR;
				GCC_WARN_UNDECLARED_SELECTOR = YES;
				GCC_WARN_UNINITIALIZED_AUTOS = YES_AGGRESSIVE;
				GCC_WARN_UNUSED_FUNCTION = YES;
				GCC_WARN_UNUSED_VARIABLE = YES;
				MACOSX_DEPLOYMENT_TARGET = 10.13;
				MTL_ENABLE_DEBUG_INFO = NO;
				SDKROOT = macosx;
				SWIFT_OPTIMIZATION_LEVEL = "-Owholemodule";
				SWIFT_SWIFT3_OBJC_INFERENCE = Default;
			};
			name = Release;
		};
		AA23D8481B7FDE0C006B2007 /* Debug */ = {
			isa = XCBuildConfiguration;
			buildSettings = {
				ASSETCATALOG_COMPILER_APPICON_NAME = AppIcon;
				COMBINE_HIDPI_IMAGES = YES;
				INFOPLIST_FILE = HTTPTimer/Info.plist;
				LD_RUNPATH_SEARCH_PATHS = "$(inherited) @executable_path/../Frameworks";
				MACOSX_DEPLOYMENT_TARGET = 10.10;
				PRODUCT_BUNDLE_IDENTIFIER = "com.nonamecompany.$(PRODUCT_NAME:rfc1034identifier)";
				PRODUCT_NAME = "$(TARGET_NAME)";
				SWIFT_SWIFT3_OBJC_INFERENCE = Default;
				SWIFT_VERSION = 4.0;
			};
			name = Debug;
		};
		AA23D8491B7FDE0C006B2007 /* Release */ = {
			isa = XCBuildConfiguration;
			buildSettings = {
				ASSETCATALOG_COMPILER_APPICON_NAME = AppIcon;
				COMBINE_HIDPI_IMAGES = YES;
				INFOPLIST_FILE = HTTPTimer/Info.plist;
				LD_RUNPATH_SEARCH_PATHS = "$(inherited) @executable_path/../Frameworks";
				MACOSX_DEPLOYMENT_TARGET = 10.10;
				PRODUCT_BUNDLE_IDENTIFIER = "com.nonamecompany.$(PRODUCT_NAME:rfc1034identifier)";
				PRODUCT_NAME = "$(TARGET_NAME)";
				SWIFT_SWIFT3_OBJC_INFERENCE = Default;
				SWIFT_VERSION = 4.0;
			};
			name = Release;
		};
		AA23D84B1B7FDE0C006B2007 /* Debug */ = {
			isa = XCBuildConfiguration;
			buildSettings = {
				BUNDLE_LOADER = "$(TEST_HOST)";
				COMBINE_HIDPI_IMAGES = YES;
				FRAMEWORK_SEARCH_PATHS = (
					"$(DEVELOPER_FRAMEWORKS_DIR)",
					"$(inherited)",
				);
				GCC_PREPROCESSOR_DEFINITIONS = (
					"DEBUG=1",
					"$(inherited)",
				);
				INFOPLIST_FILE = HTTPTimerTests/Info.plist;
				LD_RUNPATH_SEARCH_PATHS = "$(inherited) @executable_path/../Frameworks @loader_path/../Frameworks";
				PRODUCT_BUNDLE_IDENTIFIER = "com.nonamecompany.$(PRODUCT_NAME:rfc1034identifier)";
				PRODUCT_NAME = "$(TARGET_NAME)";
				SWIFT_SWIFT3_OBJC_INFERENCE = Default;
				SWIFT_VERSION = 4.0;
				TEST_HOST = "$(BUILT_PRODUCTS_DIR)/HTTPTimer.app/Contents/MacOS/HTTPTimer";
			};
			name = Debug;
		};
		AA23D84C1B7FDE0C006B2007 /* Release */ = {
			isa = XCBuildConfiguration;
			buildSettings = {
				BUNDLE_LOADER = "$(TEST_HOST)";
				COMBINE_HIDPI_IMAGES = YES;
				FRAMEWORK_SEARCH_PATHS = (
					"$(DEVELOPER_FRAMEWORKS_DIR)",
					"$(inherited)",
				);
				INFOPLIST_FILE = HTTPTimerTests/Info.plist;
				LD_RUNPATH_SEARCH_PATHS = "$(inherited) @executable_path/../Frameworks @loader_path/../Frameworks";
				PRODUCT_BUNDLE_IDENTIFIER = "com.nonamecompany.$(PRODUCT_NAME:rfc1034identifier)";
				PRODUCT_NAME = "$(TARGET_NAME)";
				SWIFT_SWIFT3_OBJC_INFERENCE = Default;
				SWIFT_VERSION = 4.0;
				TEST_HOST = "$(BUILT_PRODUCTS_DIR)/HTTPTimer.app/Contents/MacOS/HTTPTimer";
			};
			name = Release;
		};
/* End XCBuildConfiguration section */

/* Begin XCConfigurationList section */
		AA23D8261B7FDE0B006B2007 /* Build configuration list for PBXProject "HTTPTimer" */ = {
			isa = XCConfigurationList;
			buildConfigurations = (
				AA23D8451B7FDE0C006B2007 /* Debug */,
				AA23D8461B7FDE0C006B2007 /* Release */,
			);
			defaultConfigurationIsVisible = 0;
			defaultConfigurationName = Release;
		};
		AA23D8471B7FDE0C006B2007 /* Build configuration list for PBXNativeTarget "HTTPTimer" */ = {
			isa = XCConfigurationList;
			buildConfigurations = (
				AA23D8481B7FDE0C006B2007 /* Debug */,
				AA23D8491B7FDE0C006B2007 /* Release */,
			);
			defaultConfigurationIsVisible = 0;
			defaultConfigurationName = Release;
		};
		AA23D84A1B7FDE0C006B2007 /* Build configuration list for PBXNativeTarget "HTTPTimerTests" */ = {
			isa = XCConfigurationList;
			buildConfigurations = (
				AA23D84B1B7FDE0C006B2007 /* Debug */,
				AA23D84C1B7FDE0C006B2007 /* Release */,
			);
			defaultConfigurationIsVisible = 0;
			defaultConfigurationName = Release;
		};
/* End XCConfigurationList section */
	};
	rootObject = AA23D8231B7FDE0B006B2007 /* Project object */;
}
